
Microsoft Visual Studio Solution File, Format Version 12.00
# Visual Studio Version 16
VisualStudioVersion = 16.0.30503.244
MinimumVisualStudioVersion = 10.0.40219.1
Project("{FAE04EC0-301F-11D3-BF4B-00C04F79EFBC}") = "DataLibrary", "DataLibrary\DataLibrary.csproj", "{8E912703-FBB7-42FE-8A7D-BA75ADFF9E58}"
EndProject
Project("{FAE04EC0-301F-11D3-BF4B-00C04F79EFBC}") = "WebApp", "WebApp\WebApp.csproj", "{83F32FB0-0E9C-46B7-A412-9A2FC845AAF8}"
EndProject
Global
	GlobalSection(SolutionConfigurationPlatforms) = preSolution
		Debug|Any CPU = Debug|Any CPU
		Release|Any CPU = Release|Any CPU
	EndGlobalSection
	GlobalSection(ProjectConfigurationPlatforms) = postSolution
		{8E912703-FBB7-42FE-8A7D-BA75ADFF9E58}.Debug|Any CPU.ActiveCfg = Debug|Any CPU
		{8E912703-FBB7-42FE-8A7D-BA75ADFF9E58}.Debug|Any CPU.Build.0 = Debug|Any CPU
		{8E912703-FBB7-42FE-8A7D-BA75ADFF9E58}.Release|Any CPU.ActiveCfg = Release|Any CPU
		{8E912703-FBB7-42FE-8A7D-BA75ADFF9E58}.Release|Any CPU.Build.0 = Release|Any CPU
		{83F32FB0-0E9C-46B7-A412-9A2FC845AAF8}.Debug|Any CPU.ActiveCfg = Debug|Any CPU
		{83F32FB0-0E9C-46B7-A412-9A2FC845AAF8}.Debug|Any CPU.Build.0 = Debug|Any CPU
		{83F32FB0-0E9C-46B7-A412-9A2FC845AAF8}.Release|Any CPU.ActiveCfg = Release|Any CPU
		{83F32FB0-0E9C-46B7-A412-9A2FC845AAF8}.Release|Any CPU.Build.0 = Release|Any CPU
	EndGlobalSection
	GlobalSection(SolutionProperties) = preSolution
		HideSolutionNode = FALSE
	EndGlobalSection
	GlobalSection(ExtensibilityGlobals) = postSolution
		SolutionGuid = {F93A035A-A0B9-44BE-A57C-F2FA67DA807A}
	EndGlobalSection
EndGlobal
